{
  "name": "ElementUIAdmin",
  "requires": true,
  "lockfileVersion": 1,
  "dependencies": {
    "async-validator": {
      "version": "1.8.1",
      "resolved": "http://registry.npm.taobao.org/async-validator/download/async-validator-1.8.1.tgz",
      "integrity": "sha1-ZmV4jKOSaa93Dl7gLw5VfyQ40so="
    },
    "autoprefixer": {
      "version": "6.7.7",
      "resolved": "http://registry.npm.taobao.org/autoprefixer/download/autoprefixer-6.7.7.tgz",
      "integrity": "sha1-Hb0cg1ZY41zj+ZhAmdsAWFx4IBQ=",
      "dev": true
    },
    "axios": {
      "version": "0.17.0",
      "resolved": "http://registry.npm.taobao.org/axios/download/axios-0.17.0.tgz",
      "integrity": "sha1-fadHkW24A/dhZR1gkdcIeJuVPGo="
    },
    "babel-core": {
      "version": "6.26.0",
      "resolved": "http://registry.npm.taobao.org/babel-core/download/babel-core-6.26.0.tgz",
      "integrity": "sha1-rzL3izGm/O8RnIew/Y2XU/A6C7g=",
      "dev": true
    },
    "babel-helper-vue-jsx-merge-props": {
      "version": "2.0.2",
      "resolved": "http://registry.npm.taobao.org/babel-helper-vue-jsx-merge-props/download/babel-helper-vue-jsx-merge-props-2.0.2.tgz",
      "integrity": "sha1-rOscNzWIJ54nVeoc/TXCI5T9M/g="
    },
    "babel-loader": {
      "version": "6.4.1",
      "resolved": "http://registry.npm.taobao.org/babel-loader/download/babel-loader-6.4.1.tgz",
      "integrity": "sha1-CzQRLVsHSKjc2/Uaz2+b1C1QuMo=",
      "dev": true
    },
    "babel-preset-es2015": {
      "version": "6.24.1",
      "resolved": "http://registry.npm.taobao.org/babel-preset-es2015/download/babel-preset-es2015-6.24.1.tgz",
      "integrity": "sha1-1EBQ1rwsn+6nAqrzjXJ6AhBTiTk=",
      "dev": true
    },
    "babel-preset-vue-app": {
      "version": "1.3.1",
      "resolved": "http://registry.npm.taobao.org/babel-preset-vue-app/download/babel-preset-vue-app-1.3.1.tgz",
      "integrity": "sha1-Uha4RG0UU94NvYhJ5Q69wYn4d+0=",
      "dev": true
    },
    "css-loader": {
      "version": "0.27.3",
      "resolved": "http://registry.npm.taobao.org/css-loader/download/css-loader-0.27.3.tgz",
      "integrity": "sha1-aatvR7ab+xtazuYbrCqrFDAv8Nw=",
      "dev": true,
      "dependencies": {
        "loader-utils": {
          "version": "1.1.0",
          "resolved": "http://registry.npm.taobao.org/loader-utils/download/loader-utils-1.1.0.tgz",
          "integrity": "sha1-yYrvSIvM7aL/teLeZG1qdUQp9c0="
        }
      }
    },
    "deepmerge": {
      "version": "1.5.2",
      "resolved": "http://registry.npm.taobao.org/deepmerge/download/deepmerge-1.5.2.tgz",
      "integrity": "sha1-EEmdhohEza1P7ghC34x/bwyVp1M="
    },
    "element-ui": {
      "version": "2.12.0",
      "resolved": "https://registry.npmjs.org/element-ui/-/element-ui-2.12.0.tgz",
      "integrity": "sha512-DapyT0PW4i/1ETPHk8K8Qbe8B6hj10+dXsRTrOTFryV9wAs6e9mCxbV65awokyR2/v/KuIHJmqX+mH3wUa4rOQ==",
      "requires": {
        "async-validator": "~1.8.1",
        "babel-helper-vue-jsx-merge-props": "^2.0.0",
        "deepmerge": "^1.2.0",
        "normalize-wheel": "^1.0.1",
        "resize-observer-polyfill": "^1.5.0",
        "throttle-debounce": "^1.0.1"
      }
    },
    "file-loader": {
      "version": "0.10.1",
      "resolved": "http://registry.npm.taobao.org/file-loader/download/file-loader-0.10.1.tgz",
      "integrity": "sha1-gVA0EZiR/GRB+1pkwRvJPCLd2EI=",
      "dev": true,
      "dependencies": {
        "loader-utils": {
          "version": "1.1.0",
          "resolved": "http://registry.npm.taobao.org/loader-utils/download/loader-utils-1.1.0.tgz",
          "integrity": "sha1-yYrvSIvM7aL/teLeZG1qdUQp9c0="
        }
      }
    },
    "html-webpack-plugin": {
      "version": "2.30.1",
      "resolved": "http://registry.npm.taobao.org/html-webpack-plugin/download/html-webpack-plugin-2.30.1.tgz",
      "integrity": "sha1-f5xCG36pHsRg9WUn1430hO51N9U=",
      "dev": true
    },
    "less": {
      "version": "2.7.3",
      "resolved": "http://registry.npm.taobao.org/less/download/less-2.7.3.tgz",
      "integrity": "sha1-zBJg9RyQCp7A2R+2mYE54CUHtjs=",
      "dev": true
    },
    "less-loader": {
      "version": "4.0.5",
      "resolved": "http://registry.npm.taobao.org/less-loader/download/less-loader-4.0.5.tgz",
      "integrity": "sha1-rhVadAbKxqzSk9eFWH/P8PR4xN0=",
      "dev": true,
      "dependencies": {
        "clone": {
          "version": "2.1.1",
          "resolved": "http://registry.npm.taobao.org/clone/download/clone-2.1.1.tgz",
          "integrity": "sha1-0hfR6WERjjrJpLi7oyhVU79kfNs="
        },
        "loader-utils": {
          "version": "1.1.0",
          "resolved": "http://registry.npm.taobao.org/loader-utils/download/loader-utils-1.1.0.tgz",
          "integrity": "sha1-yYrvSIvM7aL/teLeZG1qdUQp9c0="
        }
      }
    },
    "normalize-wheel": {
      "version": "1.0.1",
      "resolved": "http://registry.npm.taobao.org/normalize-wheel/download/normalize-wheel-1.0.1.tgz",
      "integrity": "sha1-rsiGr/2wRQcNhWRH32Ls+GFG7EU="
    },
    "postcss-loader": {
      "version": "1.3.3",
      "resolved": "http://registry.npm.taobao.org/postcss-loader/download/postcss-loader-1.3.3.tgz",
      "integrity": "sha1-piHqH6KQYqg5cqRvVEhncTAZFus=",
      "dev": true,
      "dependencies": {
        "loader-utils": {
          "version": "1.1.0",
          "resolved": "http://registry.npm.taobao.org/loader-utils/download/loader-utils-1.1.0.tgz",
          "integrity": "sha1-yYrvSIvM7aL/teLeZG1qdUQp9c0="
        }
      }
    },
    "resize-observer-polyfill": {
      "version": "1.5.0",
      "resolved": "http://registry.npm.taobao.org/resize-observer-polyfill/download/resize-observer-polyfill-1.5.0.tgz",
      "integrity": "sha1-Zg/x2XEqI4K6osrUUKRxYgn5ymk="
    },
    "rimraf": {
      "version": "2.6.2",
      "resolved": "http://registry.npm.taobao.org/rimraf/download/rimraf-2.6.2.tgz",
      "integrity": "sha1-LtgVDSShbqhlHm1u8PR8QVjOejY=",
      "dev": true
    },
    "screenfull": {
      "version": "3.3.2",
      "resolved": "http://registry.npm.taobao.org/screenfull/download/screenfull-3.3.2.tgz",
      "integrity": "sha1-pq3zs/VVbagSclOFiAYA9bOfvyU="
    },
    "style-loader": {
      "version": "0.13.2",
      "resolved": "http://registry.npm.taobao.org/style-loader/download/style-loader-0.13.2.tgz",
      "integrity": "sha1-dFMzhM9pjHEEx5URULSXF63C87s=",
      "dev": true,
      "dependencies": {
        "loader-utils": {
          "version": "1.1.0",
          "resolved": "http://registry.npm.taobao.org/loader-utils/download/loader-utils-1.1.0.tgz",
          "integrity": "sha1-yYrvSIvM7aL/teLeZG1qdUQp9c0="
        }
      }
    },
    "throttle-debounce": {
      "version": "1.0.1",
      "resolved": "http://registry.npm.taobao.org/throttle-debounce/download/throttle-debounce-1.0.1.tgz",
      "integrity": "sha1-2tD+Ew+drzcZ/eoz3Dao5rp/MLU="
    },
    "url-loader": {
      "version": "0.5.9",
      "resolved": "http://registry.npm.taobao.org/url-loader/download/url-loader-0.5.9.tgz",
      "integrity": "sha1-zI/qgse5Bud3cBklCGnlaemVwpU=",
      "dev": true,
      "dependencies": {
        "loader-utils": {
          "version": "1.1.0",
          "resolved": "http://registry.npm.taobao.org/loader-utils/download/loader-utils-1.1.0.tgz",
          "integrity": "sha1-yYrvSIvM7aL/teLeZG1qdUQp9c0="
        }
      }
    },
    "vue": {
      "version": "2.5.2",
      "resolved": "http://registry.npm.taobao.org/vue/download/vue-2.5.2.tgz",
      "integrity": "sha1-/TZ6h7rnU15H+dxcnsO0luX+taQ="
    },
    "vue-loader": {
      "version": "13.3.0",
      "resolved": "http://registry.npm.taobao.org/vue-loader/download/vue-loader-13.3.0.tgz",
      "integrity": "sha1-O/g31JC6XepvwH4INf+mxojIrzM=",
      "dev": true,
      "dependencies": {
        "ansi-styles": {
          "version": "3.2.0",
          "resolved": "http://registry.npm.taobao.org/ansi-styles/download/ansi-styles-3.2.0.tgz",
          "integrity": "sha1-wVm41b4PnlpvNG2rlPFs4CIWG4g="
        },
        "chalk": {
          "version": "2.3.0",
          "resolved": "http://registry.npm.taobao.org/chalk/download/chalk-2.3.0.tgz",
          "integrity": "sha1-tepI78nBeT3MybR2fJORTT8tUro="
        },
        "has-flag": {
          "version": "2.0.0",
          "resolved": "http://registry.npm.taobao.org/has-flag/download/has-flag-2.0.0.tgz",
          "integrity": "sha1-6CB68cx7MNRGzHC3NLXovhj4jVE="
        },
        "loader-utils": {
          "version": "1.1.0",
          "resolved": "http://registry.npm.taobao.org/loader-utils/download/loader-utils-1.1.0.tgz",
          "integrity": "sha1-yYrvSIvM7aL/teLeZG1qdUQp9c0="
        },
        "postcss": {
          "version": "6.0.14",
          "resolved": "http://registry.npm.taobao.org/postcss/download/postcss-6.0.14.tgz",
          "integrity": "sha1-VTTHIRRznnXQr88BfbhTCZ9WKIU="
        },
        "source-map": {
          "version": "0.6.1",
          "resolved": "http://registry.npm.taobao.org/source-map/download/source-map-0.6.1.tgz",
          "integrity": "sha1-dHIq8y6WFOnCh6jQu95IteLxomM="
        },
        "supports-color": {
          "version": "4.5.0",
          "resolved": "http://registry.npm.taobao.org/supports-color/download/supports-color-4.5.0.tgz",
          "integrity": "sha1-vnoN5ITexcXN34s9WRJQRJEvY1s="
        }
      }
    },
    "vue-router": {
      "version": "3.0.1",
      "resolved": "http://registry.npm.taobao.org/vue-router/download/vue-router-3.0.1.tgz",
      "integrity": "sha1-2bBa2cdCC6D2JtZQDWk+YAkswek="
    },
    "vue-template-compiler": {
      "version": "2.5.2",
      "resolved": "http://registry.npm.taobao.org/vue-template-compiler/download/vue-template-compiler-2.5.2.tgz",
      "integrity": "sha1-bxmOvGd7j4BDFc0zuR6EkxWucXc=",
      "dev": true
    },
    "vuex": {
      "version": "3.0.1",
      "resolved": "http://registry.npm.taobao.org/vuex/download/vuex-3.0.1.tgz",
      "integrity": "sha1-52E1Lr4K9TfUu3Vam53Evj3379I="
    },
    "webpack": {
      "version": "2.7.0",
      "resolved": "http://registry.npm.taobao.org/webpack/download/webpack-2.7.0.tgz",
      "integrity": "sha1-sqEiaAQ3P/09A+qca9UlBnA09rE=",
      "dev": true,
      "dependencies": {
        "uglify-js": {
          "version": "2.8.29",
          "resolved": "http://registry.npm.taobao.org/uglify-js/download/uglify-js-2.8.29.tgz",
          "integrity": "sha1-KcVzMUgFe7Th913zW3qcty5qWd0=",
          "dependencies": {
            "yargs": {
              "version": "3.10.0",
              "resolved": "http://registry.npm.taobao.org/yargs/download/yargs-3.10.0.tgz",
              "integrity": "sha1-9+572FfdfB0tOMDnTvvWgdFDH9E="
            }
          }
        }
      }
    },
    "webpack-dev-server": {
      "version": "2.9.4",
      "resolved": "http://registry.npm.taobao.org/webpack-dev-server/download/webpack-dev-server-2.9.4.tgz",
      "integrity": "sha1-eIPmF1nGpLM+mxnsQDe9SrYUKNE=",
      "dev": true,
      "dependencies": {
        "debug": {
          "version": "3.1.0",
          "resolved": "http://registry.npm.taobao.org/debug/download/debug-3.1.0.tgz",
          "integrity": "sha1-W7WgZyYotkFJVmuhaBnmFRjGcmE="
        },
        "has-flag": {
          "version": "2.0.0",
          "resolved": "http://registry.npm.taobao.org/has-flag/download/has-flag-2.0.0.tgz",
          "integrity": "sha1-6CB68cx7MNRGzHC3NLXovhj4jVE="
        },
        "supports-color": {
          "version": "4.5.0",
          "resolved": "http://registry.npm.taobao.org/supports-color/download/supports-color-4.5.0.tgz",
          "integrity": "sha1-vnoN5ITexcXN34s9WRJQRJEvY1s="
        }
      }
    }
  }
}
